# THIS IS AN AUTOGENERATED FILE. DO NOT EDIT THIS FILE DIRECTLY.
# yarn lockfile v1


"@tsconfig/recommended@^1.0.1":
  "integrity" "sha512-2xN+iGTbPBEzGSnVp/Hd64vKJCJWxsi9gfs88x4PPMyEjHJoA3o5BY9r5OLPHIZU2pAQxkSAsJFqn6itClP8mQ=="
  "resolved" "https://registry.npmjs.org/@tsconfig/recommended/-/recommended-1.0.1.tgz"
  "version" "1.0.1"

"@types/ramda@^0.27.64":
  "integrity" "sha512-EDf++ss/JoMiDpvT1MuA8oi88OwpvmqVE+o8Ojm5v/5bdJEPZ6eIQd/XYAeQ0imlwG6Tf0Npfq4Z9w3hAKBk9Q=="
  "resolved" "https://registry.npmjs.org/@types/ramda/-/ramda-0.27.64.tgz"
  "version" "0.27.64"
  dependencies:
    "ts-toolbelt" "^6.15.1"

"ramda@^0.28.0":
  "integrity" "sha512-9QnLuG/kPVgWvMQ4aODhsBUFKOUmnbUnsSXACv+NCQZcHbeb+v8Lodp8OVxtRULN1/xOyYLLaL6npE6dMq5QTA=="
  "resolved" "https://registry.npmjs.org/ramda/-/ramda-0.28.0.tgz"
  "version" "0.28.0"

"ts-toolbelt@^6.15.1":
  "integrity" "sha512-FZIXf1ksVyLcfr7M317jbB67XFJhOO1YqdTcuGaq9q5jLUoTikukZ+98TPjKiP2jC5CgmYdWWYs0s2nLSU0/1A=="
  "resolved" "https://registry.npmjs.org/ts-toolbelt/-/ts-toolbelt-6.15.5.tgz"
  "version" "6.15.5"

"typescript@^4.5.5":
  "integrity" "sha512-TCTIul70LyWe6IJWT8QSYeA54WQe8EjQFU4wY52Fasj5UKx88LNYKCgBEHcOMOrFF1rKGbD8v/xcNWVUq9SymA=="
  "resolved" "https://registry.npmjs.org/typescript/-/typescript-4.5.5.tgz"
  "version" "4.5.5"
